// !$*UTF8*$!
{
	archiveVersion = 1;
	classes = {
	};
	objectVersion = 56;
	objects = {

/* Begin PBXBuildFile section */
		1819419E29AF36A900C345E7 /* RegisterScreen.swift in Sources */ = {isa = PBXBuildFile; fileRef = 1819419D29AF36A900C345E7 /* RegisterScreen.swift */; };
		181941A129AF3C0600C345E7 /* CloseModifier.swift in Sources */ = {isa = PBXBuildFile; fileRef = 181941A029AF3C0600C345E7 /* CloseModifier.swift */; };
		181941A329AF3E8500C345E7 /* HomeScreen.swift in Sources */ = {isa = PBXBuildFile; fileRef = 181941A229AF3E8500C345E7 /* HomeScreen.swift */; };
		181941A529AF403800C345E7 /* ResetPassword.swift in Sources */ = {isa = PBXBuildFile; fileRef = 181941A429AF403800C345E7 /* ResetPassword.swift */; };
		182AAE1129AE0A8B003478F5 /* Firebase_authApp.swift in Sources */ = {isa = PBXBuildFile; fileRef = 182AAE1029AE0A8B003478F5 /* Firebase_authApp.swift */; };
		182AAE1329AE0A8B003478F5 /* ContentView.swift in Sources */ = {isa = PBXBuildFile; fileRef = 182AAE1229AE0A8B003478F5 /* ContentView.swift */; };
		182AAE1529AE0A8D003478F5 /* Assets.xcassets in Resources */ = {isa = PBXBuildFile; fileRef = 182AAE1429AE0A8D003478F5 /* Assets.xcassets */; };
		182AAE1829AE0A8D003478F5 /* Preview Assets.xcassets in Resources */ = {isa = PBXBuildFile; fileRef = 182AAE1729AE0A8D003478F5 /* Preview Assets.xcassets */; };
		182AAE2029AE0FA3003478F5 /* FirebaseAuth in Frameworks */ = {isa = PBXBuildFile; productRef = 182AAE1F29AE0FA3003478F5 /* FirebaseAuth */; };
		182AAE2229AE0FA3003478F5 /* FirebaseDatabase in Frameworks */ = {isa = PBXBuildFile; productRef = 182AAE2129AE0FA3003478F5 /* FirebaseDatabase */; };
		182AAE2429AE0FA3003478F5 /* FirebaseMessaging in Frameworks */ = {isa = PBXBuildFile; productRef = 182AAE2329AE0FA3003478F5 /* FirebaseMessaging */; };
		182AAE2629AE1044003478F5 /* GoogleService-Info.plist in Resources */ = {isa = PBXBuildFile; fileRef = 182AAE2529AE1044003478F5 /* GoogleService-Info.plist */; };
		182AAE2A29AE1EF8003478F5 /* InputTextFieldView.swift in Sources */ = {isa = PBXBuildFile; fileRef = 182AAE2929AE1EF8003478F5 /* InputTextFieldView.swift */; };
		182AAE2C29AE6A2A003478F5 /* InputPasswordView.swift in Sources */ = {isa = PBXBuildFile; fileRef = 182AAE2B29AE6A2A003478F5 /* InputPasswordView.swift */; };
		182AAE2E29AE780A003478F5 /* ButtonView.swift in Sources */ = {isa = PBXBuildFile; fileRef = 182AAE2D29AE780A003478F5 /* ButtonView.swift */; };
		182AAE3129AE7FAE003478F5 /* LoginScreen.swift in Sources */ = {isa = PBXBuildFile; fileRef = 182AAE3029AE7FAE003478F5 /* LoginScreen.swift */; };
		18F8DBCD29B52F6500D36EEA /* RegistrationModal.swift in Sources */ = {isa = PBXBuildFile; fileRef = 18F8DBCC29B52F6500D36EEA /* RegistrationModal.swift */; };
		18F8DBD029B5306500D36EEA /* RegistrationService.swift in Sources */ = {isa = PBXBuildFile; fileRef = 18F8DBCF29B5306500D36EEA /* RegistrationService.swift */; };
		18F8DBD329B5345F00D36EEA /* RegistrationViewModal.swift in Sources */ = {isa = PBXBuildFile; fileRef = 18F8DBD229B5345F00D36EEA /* RegistrationViewModal.swift */; };
/* End PBXBuildFile section */

/* Begin PBXFileReference section */
		1819419D29AF36A900C345E7 /* RegisterScreen.swift */ = {isa = PBXFileReference; lastKnownFileType = sourcecode.swift; path = RegisterScreen.swift; sourceTree = "<group>"; };
		181941A029AF3C0600C345E7 /* CloseModifier.swift */ = {isa = PBXFileReference; lastKnownFileType = sourcecode.swift; path = CloseModifier.swift; sourceTree = "<group>"; };
		181941A229AF3E8500C345E7 /* HomeScreen.swift */ = {isa = PBXFileReference; lastKnownFileType = sourcecode.swift; path = HomeScreen.swift; sourceTree = "<group>"; };
		181941A429AF403800C345E7 /* ResetPassword.swift */ = {isa = PBXFileReference; lastKnownFileType = sourcecode.swift; path = ResetPassword.swift; sourceTree = "<group>"; };
		182AAE0D29AE0A8B003478F5 /* Firebase-auth.app */ = {isa = PBXFileReference; explicitFileType = wrapper.application; includeInIndex = 0; path = "Firebase-auth.app"; sourceTree = BUILT_PRODUCTS_DIR; };
		182AAE1029AE0A8B003478F5 /* Firebase_authApp.swift */ = {isa = PBXFileReference; lastKnownFileType = sourcecode.swift; path = Firebase_authApp.swift; sourceTree = "<group>"; };
		182AAE1229AE0A8B003478F5 /* ContentView.swift */ = {isa = PBXFileReference; lastKnownFileType = sourcecode.swift; path = ContentView.swift; sourceTree = "<group>"; };
		182AAE1429AE0A8D003478F5 /* Assets.xcassets */ = {isa = PBXFileReference; lastKnownFileType = folder.assetcatalog; path = Assets.xcassets; sourceTree = "<group>"; };
		182AAE1729AE0A8D003478F5 /* Preview Assets.xcassets */ = {isa = PBXFileReference; lastKnownFileType = folder.assetcatalog; path = "Preview Assets.xcassets"; sourceTree = "<group>"; };
		182AAE2529AE1044003478F5 /* GoogleService-Info.plist */ = {isa = PBXFileReference; fileEncoding = 4; lastKnownFileType = text.plist.xml; path = "GoogleService-Info.plist"; sourceTree = "<group>"; };
		182AAE2929AE1EF8003478F5 /* InputTextFieldView.swift */ = {isa = PBXFileReference; lastKnownFileType = sourcecode.swift; path = InputTextFieldView.swift; sourceTree = "<group>"; };
		182AAE2B29AE6A2A003478F5 /* InputPasswordView.swift */ = {isa = PBXFileReference; lastKnownFileType = sourcecode.swift; path = InputPasswordView.swift; sourceTree = "<group>"; };
		182AAE2D29AE780A003478F5 /* ButtonView.swift */ = {isa = PBXFileReference; lastKnownFileType = sourcecode.swift; path = ButtonView.swift; sourceTree = "<group>"; };
		182AAE3029AE7FAE003478F5 /* LoginScreen.swift */ = {isa = PBXFileReference; lastKnownFileType = sourcecode.swift; path = LoginScreen.swift; sourceTree = "<group>"; };
		18F8DBCC29B52F6500D36EEA /* RegistrationModal.swift */ = {isa = PBXFileReference; lastKnownFileType = sourcecode.swift; path = RegistrationModal.swift; sourceTree = "<group>"; };
		18F8DBCF29B5306500D36EEA /* RegistrationService.swift */ = {isa = PBXFileReference; lastKnownFileType = sourcecode.swift; path = RegistrationService.swift; sourceTree = "<group>"; };
		18F8DBD229B5345F00D36EEA /* RegistrationViewModal.swift */ = {isa = PBXFileReference; lastKnownFileType = sourcecode.swift; path = RegistrationViewModal.swift; sourceTree = "<group>"; };
/* End PBXFileReference section */

/* Begin PBXFrameworksBuildPhase section */
		182AAE0A29AE0A8B003478F5 /* Frameworks */ = {
			isa = PBXFrameworksBuildPhase;
			buildActionMask = 2147483647;
			files = (
				182AAE2429AE0FA3003478F5 /* FirebaseMessaging in Frameworks */,
				182AAE2229AE0FA3003478F5 /* FirebaseDatabase in Frameworks */,
				182AAE2029AE0FA3003478F5 /* FirebaseAuth in Frameworks */,
			);
			runOnlyForDeploymentPostprocessing = 0;
		};
/* End PBXFrameworksBuildPhase section */

/* Begin PBXGroup section */
		1819419F29AF3BAC00C345E7 /* modifiers */ = {
			isa = PBXGroup;
			children = (
				181941A029AF3C0600C345E7 /* CloseModifier.swift */,
			);
			path = modifiers;
			sourceTree = "<group>";
		};
		182AAE0429AE0A8B003478F5 = {
			isa = PBXGroup;
			children = (
				182AAE0F29AE0A8B003478F5 /* Firebase-auth */,
				182AAE0E29AE0A8B003478F5 /* Products */,
			);
			sourceTree = "<group>";
		};
		182AAE0E29AE0A8B003478F5 /* Products */ = {
			isa = PBXGroup;
			children = (
				182AAE0D29AE0A8B003478F5 /* Firebase-auth.app */,
			);
			name = Products;
			sourceTree = "<group>";
		};
		182AAE0F29AE0A8B003478F5 /* Firebase-auth */ = {
			isa = PBXGroup;
			children = (
				18F8DBD129B5344600D36EEA /* viewModal */,
				18F8DBCE29B5304D00D36EEA /* service */,
				18F8DBCB29B52F4600D36EEA /* modal */,
				182AAE2729AE1EBF003478F5 /* views */,
				182AAE2529AE1044003478F5 /* GoogleService-Info.plist */,
				182AAE1029AE0A8B003478F5 /* Firebase_authApp.swift */,
				182AAE1229AE0A8B003478F5 /* ContentView.swift */,
				182AAE1429AE0A8D003478F5 /* Assets.xcassets */,
				182AAE1629AE0A8D003478F5 /* Preview Content */,
			);
			path = "Firebase-auth";
			sourceTree = "<group>";
		};
		182AAE1629AE0A8D003478F5 /* Preview Content */ = {
			isa = PBXGroup;
			children = (
				182AAE1729AE0A8D003478F5 /* Preview Assets.xcassets */,
			);
			path = "Preview Content";
			sourceTree = "<group>";
		};
		182AAE2729AE1EBF003478F5 /* views */ = {
			isa = PBXGroup;
			children = (
				1819419F29AF3BAC00C345E7 /* modifiers */,
				182AAE2F29AE7F96003478F5 /* screens */,
				182AAE2829AE1EC8003478F5 /* components */,
			);
			path = views;
			sourceTree = "<group>";
		};
		182AAE2829AE1EC8003478F5 /* components */ = {
			isa = PBXGroup;
			children = (
				182AAE2929AE1EF8003478F5 /* InputTextFieldView.swift */,
				182AAE2B29AE6A2A003478F5 /* InputPasswordView.swift */,
				182AAE2D29AE780A003478F5 /* ButtonView.swift */,
			);
			path = components;
			sourceTree = "<group>";
		};
		182AAE2F29AE7F96003478F5 /* screens */ = {
			isa = PBXGroup;
			children = (
				182AAE3029AE7FAE003478F5 /* LoginScreen.swift */,
				1819419D29AF36A900C345E7 /* RegisterScreen.swift */,
				181941A229AF3E8500C345E7 /* HomeScreen.swift */,
				181941A429AF403800C345E7 /* ResetPassword.swift */,
			);
			path = screens;
			sourceTree = "<group>";
		};
		18F8DBCB29B52F4600D36EEA /* modal */ = {
			isa = PBXGroup;
			children = (
				18F8DBCC29B52F6500D36EEA /* RegistrationModal.swift */,
			);
			path = modal;
			sourceTree = "<group>";
		};
		18F8DBCE29B5304D00D36EEA /* service */ = {
			isa = PBXGroup;
			children = (
				18F8DBCF29B5306500D36EEA /* RegistrationService.swift */,
			);
			path = service;
			sourceTree = "<group>";
		};
		18F8DBD129B5344600D36EEA /* viewModal */ = {
			isa = PBXGroup;
			children = (
				18F8DBD229B5345F00D36EEA /* RegistrationViewModal.swift */,
			);
			path = viewModal;
			sourceTree = "<group>";
		};
/* End PBXGroup section */

/* Begin PBXNativeTarget section */
		182AAE0C29AE0A8B003478F5 /* Firebase-auth */ = {
			isa = PBXNativeTarget;
			buildConfigurationList = 182AAE1B29AE0A8D003478F5 /* Build configuration list for PBXNativeTarget "Firebase-auth" */;
			buildPhases = (
				182AAE0929AE0A8B003478F5 /* Sources */,
				182AAE0A29AE0A8B003478F5 /* Frameworks */,
				182AAE0B29AE0A8B003478F5 /* Resources */,
			);
			buildRules = (
			);
			dependencies = (
			);
			name = "Firebase-auth";
			packageProductDependencies = (
				182AAE1F29AE0FA3003478F5 /* FirebaseAuth */,
				182AAE2129AE0FA3003478F5 /* FirebaseDatabase */,
				182AAE2329AE0FA3003478F5 /* FirebaseMessaging */,
			);
			productName = "Firebase-auth";
			productReference = 182AAE0D29AE0A8B003478F5 /* Firebase-auth.app */;
			productType = "com.apple.product-type.application";
		};
/* End PBXNativeTarget section */

/* Begin PBXProject section */
		182AAE0529AE0A8B003478F5 /* Project object */ = {
			isa = PBXProject;
			attributes = {
				BuildIndependentTargetsInParallel = 1;
				LastSwiftUpdateCheck = 1410;
				LastUpgradeCheck = 1410;
				TargetAttributes = {
					182AAE0C29AE0A8B003478F5 = {
						CreatedOnToolsVersion = 14.1;
					};
				};
			};
			buildConfigurationList = 182AAE0829AE0A8B003478F5 /* Build configuration list for PBXProject "Firebase-auth" */;
			compatibilityVersion = "Xcode 14.0";
			developmentRegion = en;
			hasScannedForEncodings = 0;
			knownRegions = (
				en,
				Base,
			);
			mainGroup = 182AAE0429AE0A8B003478F5;
			packageReferences = (
				182AAE1E29AE0FA3003478F5 /* XCRemoteSwiftPackageReference "firebase-ios-sdk" */,
			);
			productRefGroup = 182AAE0E29AE0A8B003478F5 /* Products */;
			projectDirPath = "";
			projectRoot = "";
			targets = (
				182AAE0C29AE0A8B003478F5 /* Firebase-auth */,
			);
		};
/* End PBXProject section */

/* Begin PBXResourcesBuildPhase section */
		182AAE0B29AE0A8B003478F5 /* Resources */ = {
			isa = PBXResourcesBuildPhase;
			buildActionMask = 2147483647;
			files = (
				182AAE1829AE0A8D003478F5 /* Preview Assets.xcassets in Resources */,
				182AAE1529AE0A8D003478F5 /* Assets.xcassets in Resources */,
				182AAE2629AE1044003478F5 /* GoogleService-Info.plist in Resources */,
			);
			runOnlyForDeploymentPostprocessing = 0;
		};
/* End PBXResourcesBuildPhase section */

/* Begin PBXSourcesBuildPhase section */
		182AAE0929AE0A8B003478F5 /* Sources */ = {
			isa = PBXSourcesBuildPhase;
			buildActionMask = 2147483647;
			files = (
				182AAE2C29AE6A2A003478F5 /* InputPasswordView.swift in Sources */,
				182AAE1329AE0A8B003478F5 /* ContentView.swift in Sources */,
				181941A529AF403800C345E7 /* ResetPassword.swift in Sources */,
				182AAE2E29AE780A003478F5 /* ButtonView.swift in Sources */,
				18F8DBD029B5306500D36EEA /* RegistrationService.swift in Sources */,
				18F8DBCD29B52F6500D36EEA /* RegistrationModal.swift in Sources */,
				181941A129AF3C0600C345E7 /* CloseModifier.swift in Sources */,
				1819419E29AF36A900C345E7 /* RegisterScreen.swift in Sources */,
				181941A329AF3E8500C345E7 /* HomeScreen.swift in Sources */,
				182AAE1129AE0A8B003478F5 /* Firebase_authApp.swift in Sources */,
				18F8DBD329B5345F00D36EEA /* RegistrationViewModal.swift in Sources */,
				182AAE2A29AE1EF8003478F5 /* InputTextFieldView.swift in Sources */,
				182AAE3129AE7FAE003478F5 /* LoginScreen.swift in Sources */,
			);
			runOnlyForDeploymentPostprocessing = 0;
		};
/* End PBXSourcesBuildPhase section */

/* Begin XCBuildConfiguration section */
		182AAE1929AE0A8D003478F5 /* Debug */ = {
			isa = XCBuildConfiguration;
			buildSettings = {
				ALWAYS_SEARCH_USER_PATHS = NO;
				CLANG_ANALYZER_NONNULL = YES;
				CLANG_ANALYZER_NUMBER_OBJECT_CONVERSION = YES_AGGRESSIVE;
				CLANG_CXX_LANGUAGE_STANDARD = "gnu++20";
				CLANG_ENABLE_MODULES = YES;
				CLANG_ENABLE_OBJC_ARC = YES;
				CLANG_ENABLE_OBJC_WEAK = YES;
				CLANG_WARN_BLOCK_CAPTURE_AUTORELEASING = YES;
				CLANG_WARN_BOOL_CONVERSION = YES;
				CLANG_WARN_COMMA = YES;
				CLANG_WARN_CONSTANT_CONVERSION = YES;
				CLANG_WARN_DEPRECATED_OBJC_IMPLEMENTATIONS = YES;
				CLANG_WARN_DIRECT_OBJC_ISA_USAGE = YES_ERROR;
				CLANG_WARN_DOCUMENTATION_COMMENTS = YES;
				CLANG_WARN_EMPTY_BODY = YES;
				CLANG_WARN_ENUM_CONVERSION = YES;
				CLANG_WARN_INFINITE_RECURSION = YES;
				CLANG_WARN_INT_CONVERSION = YES;
				CLANG_WARN_NON_LITERAL_NULL_CONVERSION = YES;
				CLANG_WARN_OBJC_IMPLICIT_RETAIN_SELF = YES;
				CLANG_WARN_OBJC_LITERAL_CONVERSION = YES;
				CLANG_WARN_OBJC_ROOT_CLASS = YES_ERROR;
				CLANG_WARN_QUOTED_INCLUDE_IN_FRAMEWORK_HEADER = YES;
				CLANG_WARN_RANGE_LOOP_ANALYSIS = YES;
				CLANG_WARN_STRICT_PROTOTYPES = YES;
				CLANG_WARN_SUSPICIOUS_MOVE = YES;
				CLANG_WARN_UNGUARDED_AVAILABILITY = YES_AGGRESSIVE;
				CLANG_WARN_UNREACHABLE_CODE = YES;
				CLANG_WARN__DUPLICATE_METHOD_MATCH = YES;
				COPY_PHASE_STRIP = NO;
				DEBUG_INFORMATION_FORMAT = dwarf;
				ENABLE_STRICT_OBJC_MSGSEND = YES;
				ENABLE_TESTABILITY = YES;
				GCC_C_LANGUAGE_STANDARD = gnu11;
				GCC_DYNAMIC_NO_PIC = NO;
				GCC_NO_COMMON_BLOCKS = YES;
				GCC_OPTIMIZATION_LEVEL = 0;
				GCC_PREPROCESSOR_DEFINITIONS = (
					"DEBUG=1",
					"$(inherited)",
				);
				GCC_WARN_64_TO_32_BIT_CONVERSION = YES;
				GCC_WARN_ABOUT_RETURN_TYPE = YES_ERROR;
				GCC_WARN_UNDECLARED_SELECTOR = YES;
				GCC_WARN_UNINITIALIZED_AUTOS = YES_AGGRESSIVE;
				GCC_WARN_UNUSED_FUNCTION = YES;
				GCC_WARN_UNUSED_VARIABLE = YES;
				IPHONEOS_DEPLOYMENT_TARGET = 16.1;
				MTL_ENABLE_DEBUG_INFO = INCLUDE_SOURCE;
				MTL_FAST_MATH = YES;
				ONLY_ACTIVE_ARCH = YES;
				SDKROOT = iphoneos;
				SWIFT_ACTIVE_COMPILATION_CONDITIONS = DEBUG;
				SWIFT_OPTIMIZATION_LEVEL = "-Onone";
			};
			name = Debug;
		};
		182AAE1A29AE0A8D003478F5 /* Release */ = {
			isa = XCBuildConfiguration;
			buildSettings = {
				ALWAYS_SEARCH_USER_PATHS = NO;
				CLANG_ANALYZER_NONNULL = YES;
				CLANG_ANALYZER_NUMBER_OBJECT_CONVERSION = YES_AGGRESSIVE;
				CLANG_CXX_LANGUAGE_STANDARD = "gnu++20";
				CLANG_ENABLE_MODULES = YES;
				CLANG_ENABLE_OBJC_ARC = YES;
				CLANG_ENABLE_OBJC_WEAK = YES;
				CLANG_WARN_BLOCK_CAPTURE_AUTORELEASING = YES;
				CLANG_WARN_BOOL_CONVERSION = YES;
				CLANG_WARN_COMMA = YES;
				CLANG_WARN_CONSTANT_CONVERSION = YES;
				CLANG_WARN_DEPRECATED_OBJC_IMPLEMENTATIONS = YES;
				CLANG_WARN_DIRECT_OBJC_ISA_USAGE = YES_ERROR;
				CLANG_WARN_DOCUMENTATION_COMMENTS = YES;
				CLANG_WARN_EMPTY_BODY = YES;
				CLANG_WARN_ENUM_CONVERSION = YES;
				CLANG_WARN_INFINITE_RECURSION = YES;
				CLANG_WARN_INT_CONVERSION = YES;
				CLANG_WARN_NON_LITERAL_NULL_CONVERSION = YES;
				CLANG_WARN_OBJC_IMPLICIT_RETAIN_SELF = YES;
				CLANG_WARN_OBJC_LITERAL_CONVERSION = YES;
				CLANG_WARN_OBJC_ROOT_CLASS = YES_ERROR;
				CLANG_WARN_QUOTED_INCLUDE_IN_FRAMEWORK_HEADER = YES;
				CLANG_WARN_RANGE_LOOP_ANALYSIS = YES;
				CLANG_WARN_STRICT_PROTOTYPES = YES;
				CLANG_WARN_SUSPICIOUS_MOVE = YES;
				CLANG_WARN_UNGUARDED_AVAILABILITY = YES_AGGRESSIVE;
				CLANG_WARN_UNREACHABLE_CODE = YES;
				CLANG_WARN__DUPLICATE_METHOD_MATCH = YES;
				COPY_PHASE_STRIP = NO;
				DEBUG_INFORMATION_FORMAT = "dwarf-with-dsym";
				ENABLE_NS_ASSERTIONS = NO;
				ENABLE_STRICT_OBJC_MSGSEND = YES;
				GCC_C_LANGUAGE_STANDARD = gnu11;
				GCC_NO_COMMON_BLOCKS = YES;
				GCC_WARN_64_TO_32_BIT_CONVERSION = YES;
				GCC_WARN_ABOUT_RETURN_TYPE = YES_ERROR;
				GCC_WARN_UNDECLARED_SELECTOR = YES;
				GCC_WARN_UNINITIALIZED_AUTOS = YES_AGGRESSIVE;
				GCC_WARN_UNUSED_FUNCTION = YES;
				GCC_WARN_UNUSED_VARIABLE = YES;
				IPHONEOS_DEPLOYMENT_TARGET = 16.1;
				MTL_ENABLE_DEBUG_INFO = NO;
				MTL_FAST_MATH = YES;
				SDKROOT = iphoneos;
				SWIFT_COMPILATION_MODE = wholemodule;
				SWIFT_OPTIMIZATION_LEVEL = "-O";
				VALIDATE_PRODUCT = YES;
			};
			name = Release;
		};
		182AAE1C29AE0A8D003478F5 /* Debug */ = {
			isa = XCBuildConfiguration;
			buildSettings = {
				ASSETCATALOG_COMPILER_APPICON_NAME = AppIcon;
				ASSETCATALOG_COMPILER_GLOBAL_ACCENT_COLOR_NAME = AccentColor;
				CODE_SIGN_STYLE = Automatic;
				CURRENT_PROJECT_VERSION = 1;
				DEVELOPMENT_ASSET_PATHS = "\"Firebase-auth/Preview Content\"";
				DEVELOPMENT_TEAM = 393MXX83VM;
				ENABLE_PREVIEWS = YES;
				GENERATE_INFOPLIST_FILE = YES;
				INFOPLIST_KEY_UIApplicationSceneManifest_Generation = YES;
				INFOPLIST_KEY_UIApplicationSupportsIndirectInputEvents = YES;
				INFOPLIST_KEY_UILaunchScreen_Generation = YES;
				INFOPLIST_KEY_UISupportedInterfaceOrientations_iPad = "UIInterfaceOrientationPortrait UIInterfaceOrientationPortraitUpsideDown UIInterfaceOrientationLandscapeLeft UIInterfaceOrientationLandscapeRight";
				INFOPLIST_KEY_UISupportedInterfaceOrientations_iPhone = "UIInterfaceOrientationPortrait UIInterfaceOrientationLandscapeLeft UIInterfaceOrientationLandscapeRight";
				LD_RUNPATH_SEARCH_PATHS = (
					"$(inherited)",
					"@executable_path/Frameworks",
				);
				MARKETING_VERSION = 1.0;
				PRODUCT_BUNDLE_IDENTIFIER = "com.youcefBouchemat.Firebase-auth";
				PRODUCT_NAME = "$(TARGET_NAME)";
				SWIFT_EMIT_LOC_STRINGS = YES;
				SWIFT_VERSION = 5.0;
				TARGETED_DEVICE_FAMILY = "1,2";
			};
			name = Debug;
		};
		182AAE1D29AE0A8D003478F5 /* Release */ = {
			isa = XCBuildConfiguration;
			buildSettings = {
				ASSETCATALOG_COMPILER_APPICON_NAME = AppIcon;
				ASSETCATALOG_COMPILER_GLOBAL_ACCENT_COLOR_NAME = AccentColor;
				CODE_SIGN_STYLE = Automatic;
				CURRENT_PROJECT_VERSION = 1;
				DEVELOPMENT_ASSET_PATHS = "\"Firebase-auth/Preview Content\"";
				DEVELOPMENT_TEAM = 393MXX83VM;
				ENABLE_PREVIEWS = YES;
				GENERATE_INFOPLIST_FILE = YES;
				INFOPLIST_KEY_UIApplicationSceneManifest_Generation = YES;
				INFOPLIST_KEY_UIApplicationSupportsIndirectInputEvents = YES;
				INFOPLIST_KEY_UILaunchScreen_Generation = YES;
				INFOPLIST_KEY_UISupportedInterfaceOrientations_iPad = "UIInterfaceOrientationPortrait UIInterfaceOrientationPortraitUpsideDown UIInterfaceOrientationLandscapeLeft UIInterfaceOrientationLandscapeRight";
				INFOPLIST_KEY_UISupportedInterfaceOrientations_iPhone = "UIInterfaceOrientationPortrait UIInterfaceOrientationLandscapeLeft UIInterfaceOrientationLandscapeRight";
				LD_RUNPATH_SEARCH_PATHS = (
					"$(inherited)",
					"@executable_path/Frameworks",
				);
				MARKETING_VERSION = 1.0;
				PRODUCT_BUNDLE_IDENTIFIER = "com.youcefBouchemat.Firebase-auth";
				PRODUCT_NAME = "$(TARGET_NAME)";
				SWIFT_EMIT_LOC_STRINGS = YES;
				SWIFT_VERSION = 5.0;
				TARGETED_DEVICE_FAMILY = "1,2";
			};
			name = Release;
		};
/* End XCBuildConfiguration section */

/* Begin XCConfigurationList section */
		182AAE0829AE0A8B003478F5 /* Build configuration list for PBXProject "Firebase-auth" */ = {
			isa = XCConfigurationList;
			buildConfigurations = (
				182AAE1929AE0A8D003478F5 /* Debug */,
				182AAE1A29AE0A8D003478F5 /* Release */,
			);
			defaultConfigurationIsVisible = 0;
			defaultConfigurationName = Release;
		};
		182AAE1B29AE0A8D003478F5 /* Build configuration list for PBXNativeTarget "Firebase-auth" */ = {
			isa = XCConfigurationList;
			buildConfigurations = (
				182AAE1C29AE0A8D003478F5 /* Debug */,
				182AAE1D29AE0A8D003478F5 /* Release */,
			);
			defaultConfigurationIsVisible = 0;
			defaultConfigurationName = Release;
		};
/* End XCConfigurationList section */

/* Begin XCRemoteSwiftPackageReference section */
		182AAE1E29AE0FA3003478F5 /* XCRemoteSwiftPackageReference "firebase-ios-sdk" */ = {
			isa = XCRemoteSwiftPackageReference;
			repositoryURL = "https://github.com/firebase/firebase-ios-sdk.git";
			requirement = {
				kind = upToNextMajorVersion;
				minimumVersion = 9.0.0;
			};
		};
/* End XCRemoteSwiftPackageReference section */

/* Begin XCSwiftPackageProductDependency section */
		182AAE1F29AE0FA3003478F5 /* FirebaseAuth */ = {
			isa = XCSwiftPackageProductDependency;
			package = 182AAE1E29AE0FA3003478F5 /* XCRemoteSwiftPackageReference "firebase-ios-sdk" */;
			productName = FirebaseAuth;
		};
		182AAE2129AE0FA3003478F5 /* FirebaseDatabase */ = {
			isa = XCSwiftPackageProductDependency;
			package = 182AAE1E29AE0FA3003478F5 /* XCRemoteSwiftPackageReference "firebase-ios-sdk" */;
			productName = FirebaseDatabase;
		};
		182AAE2329AE0FA3003478F5 /* FirebaseMessaging */ = {
			isa = XCSwiftPackageProductDependency;
			package = 182AAE1E29AE0FA3003478F5 /* XCRemoteSwiftPackageReference "firebase-ios-sdk" */;
			productName = FirebaseMessaging;
		};
/* End XCSwiftPackageProductDependency section */
	};
	rootObject = 182AAE0529AE0A8B003478F5 /* Project object */;
}
